
Microsoft Visual Studio Solution File, Format Version 12.00
# Visual Studio Version 17
VisualStudioVersion = 17.5.002.0
MinimumVisualStudioVersion = 10.0.40219.1
Project("{2150E333-8FDC-42A3-9474-1A3956D46DE8}") = "csharp", "csharp", "{338CD0E1-D74B-4077-AC13-841AA5ABBFE9}"
EndProject
Project("{9A19103F-16F7-4668-BE54-9A1E7A4F7556}") = "BirdWatcher", "csharp\bird-watcher\BirdWatcher.csproj", "{4D646EA7-87DC-463D-9698-37494742B856}"
EndProject
Project("{9A19103F-16F7-4668-BE54-9A1E7A4F7556}") = "BookingUpForBeauty", "csharp\booking-up-for-beauty\BookingUpForBeauty.csproj", "{0B2041A6-F4A4-46A8-AD60-73271081422E}"
EndProject
Project("{9A19103F-16F7-4668-BE54-9A1E7A4F7556}") = "CalculatorConundrum", "csharp\calculator-conundrum\CalculatorConundrum.csproj", "{3CAB9152-C4B3-40FB-916D-E23D3288D026}"
EndProject
Project("{9A19103F-16F7-4668-BE54-9A1E7A4F7556}") = "CarsAssemble", "csharp\cars-assemble\CarsAssemble.csproj", "{58229413-C24A-41B4-8F73-CDB8082AD881}"
EndProject
Project("{9A19103F-16F7-4668-BE54-9A1E7A4F7556}") = "ElonsToys", "csharp\elons-toys\ElonsToys.csproj", "{57AD2C57-A296-411B-B24B-D40873735F5F}"
EndProject
Project("{9A19103F-16F7-4668-BE54-9A1E7A4F7556}") = "FootballMatchReports", "csharp\football-match-reports\FootballMatchReports.csproj", "{824BC44D-62F0-408C-96EA-3CD3200C3BA7}"
EndProject
Project("{9A19103F-16F7-4668-BE54-9A1E7A4F7556}") = "Gigasecond", "csharp\gigasecond\Gigasecond.csproj", "{83162884-D57B-470E-A29B-DFE3BE5E272A}"
EndProject
Project("{9A19103F-16F7-4668-BE54-9A1E7A4F7556}") = "InterestIsInteresting", "csharp\interest-is-interesting\InterestIsInteresting.csproj", "{D2D62DD1-D0CE-4F2D-B1C3-554949F37F40}"
EndProject
Project("{9A19103F-16F7-4668-BE54-9A1E7A4F7556}") = "InternationalCallingConnoisseur", "csharp\international-calling-connoisseur\InternationalCallingConnoisseur.csproj", "{1FCC171B-86DB-4040-81ED-D63630A05DB0}"
EndProject
Project("{9A19103F-16F7-4668-BE54-9A1E7A4F7556}") = "LogAnalysis", "csharp\log-analysis\LogAnalysis.csproj", "{AF37FE13-18F8-40D7-AD01-5F33604E8324}"
EndProject
Project("{9A19103F-16F7-4668-BE54-9A1E7A4F7556}") = "LogLevels", "csharp\log-levels\LogLevels.csproj", "{E6D37665-C787-4E20-BDAD-49ABAB304473}"
EndProject
Project("{9A19103F-16F7-4668-BE54-9A1E7A4F7556}") = "LogsLogsLogs", "csharp\logs-logs-logs\LogsLogsLogs.csproj", "{45C4B281-588D-44DF-8CBF-9EBF970AD872}"
EndProject
Project("{9A19103F-16F7-4668-BE54-9A1E7A4F7556}") = "NeedForSpeed", "csharp\need-for-speed\NeedForSpeed.csproj", "{AD965C75-69E4-4625-AA01-24ABFC6F0850}"
EndProject
Project("{9A19103F-16F7-4668-BE54-9A1E7A4F7556}") = "PhoneNumberAnalysis", "csharp\phone-number-analysis\PhoneNumberAnalysis.csproj", "{6AA136FF-F35E-4B07-AC20-D47957F00EB4}"
EndProject
Project("{9A19103F-16F7-4668-BE54-9A1E7A4F7556}") = "RollTheDie", "csharp\roll-the-die\RollTheDie.csproj", "{309C9A63-E2B3-4FDD-95F9-FB7985BCA43B}"
EndProject
Project("{9A19103F-16F7-4668-BE54-9A1E7A4F7556}") = "SqueakyClean", "csharp\squeaky-clean\SqueakyClean.csproj", "{50BE72A7-160E-444D-9D6D-C1E3882B1043}"
EndProject
Project("{9A19103F-16F7-4668-BE54-9A1E7A4F7556}") = "TimFromMarketing", "csharp\tim-from-marketing\TimFromMarketing.csproj", "{2556DCCB-6DB6-462C-BBF7-65AAAD63B851}"
EndProject
Project("{9A19103F-16F7-4668-BE54-9A1E7A4F7556}") = "TracksOnTracksOnTracks", "csharp\tracks-on-tracks-on-tracks\TracksOnTracksOnTracks.csproj", "{B5CC3C53-01E7-4084-AF9A-1FFE8A64092C}"
EndProject
Project("{9A19103F-16F7-4668-BE54-9A1E7A4F7556}") = "WizardsAndWarriors", "csharp\wizards-and-warriors\WizardsAndWarriors.csproj", "{F227ECAD-56D3-4E0E-86A0-C560A9C97E3D}"
EndProject
Global
	GlobalSection(SolutionConfigurationPlatforms) = preSolution
		Debug|Any CPU = Debug|Any CPU
		Release|Any CPU = Release|Any CPU
	EndGlobalSection
	GlobalSection(ProjectConfigurationPlatforms) = postSolution
		{4D646EA7-87DC-463D-9698-37494742B856}.Debug|Any CPU.ActiveCfg = Debug|Any CPU
		{4D646EA7-87DC-463D-9698-37494742B856}.Debug|Any CPU.Build.0 = Debug|Any CPU
		{4D646EA7-87DC-463D-9698-37494742B856}.Release|Any CPU.ActiveCfg = Release|Any CPU
		{4D646EA7-87DC-463D-9698-37494742B856}.Release|Any CPU.Build.0 = Release|Any CPU
		{0B2041A6-F4A4-46A8-AD60-73271081422E}.Debug|Any CPU.ActiveCfg = Debug|Any CPU
		{0B2041A6-F4A4-46A8-AD60-73271081422E}.Debug|Any CPU.Build.0 = Debug|Any CPU
		{0B2041A6-F4A4-46A8-AD60-73271081422E}.Release|Any CPU.ActiveCfg = Release|Any CPU
		{0B2041A6-F4A4-46A8-AD60-73271081422E}.Release|Any CPU.Build.0 = Release|Any CPU
		{3CAB9152-C4B3-40FB-916D-E23D3288D026}.Debug|Any CPU.ActiveCfg = Debug|Any CPU
		{3CAB9152-C4B3-40FB-916D-E23D3288D026}.Debug|Any CPU.Build.0 = Debug|Any CPU
		{3CAB9152-C4B3-40FB-916D-E23D3288D026}.Release|Any CPU.ActiveCfg = Release|Any CPU
		{3CAB9152-C4B3-40FB-916D-E23D3288D026}.Release|Any CPU.Build.0 = Release|Any CPU
		{58229413-C24A-41B4-8F73-CDB8082AD881}.Debug|Any CPU.ActiveCfg = Debug|Any CPU
		{58229413-C24A-41B4-8F73-CDB8082AD881}.Debug|Any CPU.Build.0 = Debug|Any CPU
		{58229413-C24A-41B4-8F73-CDB8082AD881}.Release|Any CPU.ActiveCfg = Release|Any CPU
		{58229413-C24A-41B4-8F73-CDB8082AD881}.Release|Any CPU.Build.0 = Release|Any CPU
		{57AD2C57-A296-411B-B24B-D40873735F5F}.Debug|Any CPU.ActiveCfg = Debug|Any CPU
		{57AD2C57-A296-411B-B24B-D40873735F5F}.Debug|Any CPU.Build.0 = Debug|Any CPU
		{57AD2C57-A296-411B-B24B-D40873735F5F}.Release|Any CPU.ActiveCfg = Release|Any CPU
		{57AD2C57-A296-411B-B24B-D40873735F5F}.Release|Any CPU.Build.0 = Release|Any CPU
		{824BC44D-62F0-408C-96EA-3CD3200C3BA7}.Debug|Any CPU.ActiveCfg = Debug|Any CPU
		{824BC44D-62F0-408C-96EA-3CD3200C3BA7}.Debug|Any CPU.Build.0 = Debug|Any CPU
		{824BC44D-62F0-408C-96EA-3CD3200C3BA7}.Release|Any CPU.ActiveCfg = Release|Any CPU
		{824BC44D-62F0-408C-96EA-3CD3200C3BA7}.Release|Any CPU.Build.0 = Release|Any CPU
		{83162884-D57B-470E-A29B-DFE3BE5E272A}.Debug|Any CPU.ActiveCfg = Debug|Any CPU
		{83162884-D57B-470E-A29B-DFE3BE5E272A}.Debug|Any CPU.Build.0 = Debug|Any CPU
		{83162884-D57B-470E-A29B-DFE3BE5E272A}.Release|Any CPU.ActiveCfg = Release|Any CPU
		{83162884-D57B-470E-A29B-DFE3BE5E272A}.Release|Any CPU.Build.0 = Release|Any CPU
		{D2D62DD1-D0CE-4F2D-B1C3-554949F37F40}.Debug|Any CPU.ActiveCfg = Debug|Any CPU
		{D2D62DD1-D0CE-4F2D-B1C3-554949F37F40}.Debug|Any CPU.Build.0 = Debug|Any CPU
		{D2D62DD1-D0CE-4F2D-B1C3-554949F37F40}.Release|Any CPU.ActiveCfg = Release|Any CPU
		{D2D62DD1-D0CE-4F2D-B1C3-554949F37F40}.Release|Any CPU.Build.0 = Release|Any CPU
		{1FCC171B-86DB-4040-81ED-D63630A05DB0}.Debug|Any CPU.ActiveCfg = Debug|Any CPU
		{1FCC171B-86DB-4040-81ED-D63630A05DB0}.Debug|Any CPU.Build.0 = Debug|Any CPU
		{1FCC171B-86DB-4040-81ED-D63630A05DB0}.Release|Any CPU.ActiveCfg = Release|Any CPU
		{1FCC171B-86DB-4040-81ED-D63630A05DB0}.Release|Any CPU.Build.0 = Release|Any CPU
		{AF37FE13-18F8-40D7-AD01-5F33604E8324}.Debug|Any CPU.ActiveCfg = Debug|Any CPU
		{AF37FE13-18F8-40D7-AD01-5F33604E8324}.Debug|Any CPU.Build.0 = Debug|Any CPU
		{AF37FE13-18F8-40D7-AD01-5F33604E8324}.Release|Any CPU.ActiveCfg = Release|Any CPU
		{AF37FE13-18F8-40D7-AD01-5F33604E8324}.Release|Any CPU.Build.0 = Release|Any CPU
		{E6D37665-C787-4E20-BDAD-49ABAB304473}.Debug|Any CPU.ActiveCfg = Debug|Any CPU
		{E6D37665-C787-4E20-BDAD-49ABAB304473}.Debug|Any CPU.Build.0 = Debug|Any CPU
		{E6D37665-C787-4E20-BDAD-49ABAB304473}.Release|Any CPU.ActiveCfg = Release|Any CPU
		{E6D37665-C787-4E20-BDAD-49ABAB304473}.Release|Any CPU.Build.0 = Release|Any CPU
		{45C4B281-588D-44DF-8CBF-9EBF970AD872}.Debug|Any CPU.ActiveCfg = Debug|Any CPU
		{45C4B281-588D-44DF-8CBF-9EBF970AD872}.Debug|Any CPU.Build.0 = Debug|Any CPU
		{45C4B281-588D-44DF-8CBF-9EBF970AD872}.Release|Any CPU.ActiveCfg = Release|Any CPU
		{45C4B281-588D-44DF-8CBF-9EBF970AD872}.Release|Any CPU.Build.0 = Release|Any CPU
		{AD965C75-69E4-4625-AA01-24ABFC6F0850}.Debug|Any CPU.ActiveCfg = Debug|Any CPU
		{AD965C75-69E4-4625-AA01-24ABFC6F0850}.Debug|Any CPU.Build.0 = Debug|Any CPU
		{AD965C75-69E4-4625-AA01-24ABFC6F0850}.Release|Any CPU.ActiveCfg = Release|Any CPU
		{AD965C75-69E4-4625-AA01-24ABFC6F0850}.Release|Any CPU.Build.0 = Release|Any CPU
		{6AA136FF-F35E-4B07-AC20-D47957F00EB4}.Debug|Any CPU.ActiveCfg = Debug|Any CPU
		{6AA136FF-F35E-4B07-AC20-D47957F00EB4}.Debug|Any CPU.Build.0 = Debug|Any CPU
		{6AA136FF-F35E-4B07-AC20-D47957F00EB4}.Release|Any CPU.ActiveCfg = Release|Any CPU
		{6AA136FF-F35E-4B07-AC20-D47957F00EB4}.Release|Any CPU.Build.0 = Release|Any CPU
		{309C9A63-E2B3-4FDD-95F9-FB7985BCA43B}.Debug|Any CPU.ActiveCfg = Debug|Any CPU
		{309C9A63-E2B3-4FDD-95F9-FB7985BCA43B}.Debug|Any CPU.Build.0 = Debug|Any CPU
		{309C9A63-E2B3-4FDD-95F9-FB7985BCA43B}.Release|Any CPU.ActiveCfg = Release|Any CPU
		{309C9A63-E2B3-4FDD-95F9-FB7985BCA43B}.Release|Any CPU.Build.0 = Release|Any CPU
		{50BE72A7-160E-444D-9D6D-C1E3882B1043}.Debug|Any CPU.ActiveCfg = Debug|Any CPU
		{50BE72A7-160E-444D-9D6D-C1E3882B1043}.Debug|Any CPU.Build.0 = Debug|Any CPU
		{50BE72A7-160E-444D-9D6D-C1E3882B1043}.Release|Any CPU.ActiveCfg = Release|Any CPU
		{50BE72A7-160E-444D-9D6D-C1E3882B1043}.Release|Any CPU.Build.0 = Release|Any CPU
		{2556DCCB-6DB6-462C-BBF7-65AAAD63B851}.Debug|Any CPU.ActiveCfg = Debug|Any CPU
		{2556DCCB-6DB6-462C-BBF7-65AAAD63B851}.Debug|Any CPU.Build.0 = Debug|Any CPU
		{2556DCCB-6DB6-462C-BBF7-65AAAD63B851}.Release|Any CPU.ActiveCfg = Release|Any CPU
		{2556DCCB-6DB6-462C-BBF7-65AAAD63B851}.Release|Any CPU.Build.0 = Release|Any CPU
		{B5CC3C53-01E7-4084-AF9A-1FFE8A64092C}.Debug|Any CPU.ActiveCfg = Debug|Any CPU
		{B5CC3C53-01E7-4084-AF9A-1FFE8A64092C}.Debug|Any CPU.Build.0 = Debug|Any CPU
		{B5CC3C53-01E7-4084-AF9A-1FFE8A64092C}.Release|Any CPU.ActiveCfg = Release|Any CPU
		{B5CC3C53-01E7-4084-AF9A-1FFE8A64092C}.Release|Any CPU.Build.0 = Release|Any CPU
		{F227ECAD-56D3-4E0E-86A0-C560A9C97E3D}.Debug|Any CPU.ActiveCfg = Debug|Any CPU
		{F227ECAD-56D3-4E0E-86A0-C560A9C97E3D}.Debug|Any CPU.Build.0 = Debug|Any CPU
		{F227ECAD-56D3-4E0E-86A0-C560A9C97E3D}.Release|Any CPU.ActiveCfg = Release|Any CPU
		{F227ECAD-56D3-4E0E-86A0-C560A9C97E3D}.Release|Any CPU.Build.0 = Release|Any CPU
	EndGlobalSection
	GlobalSection(SolutionProperties) = preSolution
		HideSolutionNode = FALSE
	EndGlobalSection
	GlobalSection(NestedProjects) = preSolution
		{4D646EA7-87DC-463D-9698-37494742B856} = {338CD0E1-D74B-4077-AC13-841AA5ABBFE9}
		{0B2041A6-F4A4-46A8-AD60-73271081422E} = {338CD0E1-D74B-4077-AC13-841AA5ABBFE9}
		{3CAB9152-C4B3-40FB-916D-E23D3288D026} = {338CD0E1-D74B-4077-AC13-841AA5ABBFE9}
		{58229413-C24A-41B4-8F73-CDB8082AD881} = {338CD0E1-D74B-4077-AC13-841AA5ABBFE9}
		{57AD2C57-A296-411B-B24B-D40873735F5F} = {338CD0E1-D74B-4077-AC13-841AA5ABBFE9}
		{824BC44D-62F0-408C-96EA-3CD3200C3BA7} = {338CD0E1-D74B-4077-AC13-841AA5ABBFE9}
		{83162884-D57B-470E-A29B-DFE3BE5E272A} = {338CD0E1-D74B-4077-AC13-841AA5ABBFE9}
		{D2D62DD1-D0CE-4F2D-B1C3-554949F37F40} = {338CD0E1-D74B-4077-AC13-841AA5ABBFE9}
		{1FCC171B-86DB-4040-81ED-D63630A05DB0} = {338CD0E1-D74B-4077-AC13-841AA5ABBFE9}
		{AF37FE13-18F8-40D7-AD01-5F33604E8324} = {338CD0E1-D74B-4077-AC13-841AA5ABBFE9}
		{E6D37665-C787-4E20-BDAD-49ABAB304473} = {338CD0E1-D74B-4077-AC13-841AA5ABBFE9}
		{45C4B281-588D-44DF-8CBF-9EBF970AD872} = {338CD0E1-D74B-4077-AC13-841AA5ABBFE9}
		{AD965C75-69E4-4625-AA01-24ABFC6F0850} = {338CD0E1-D74B-4077-AC13-841AA5ABBFE9}
		{6AA136FF-F35E-4B07-AC20-D47957F00EB4} = {338CD0E1-D74B-4077-AC13-841AA5ABBFE9}
		{309C9A63-E2B3-4FDD-95F9-FB7985BCA43B} = {338CD0E1-D74B-4077-AC13-841AA5ABBFE9}
		{50BE72A7-160E-444D-9D6D-C1E3882B1043} = {338CD0E1-D74B-4077-AC13-841AA5ABBFE9}
		{2556DCCB-6DB6-462C-BBF7-65AAAD63B851} = {338CD0E1-D74B-4077-AC13-841AA5ABBFE9}
		{B5CC3C53-01E7-4084-AF9A-1FFE8A64092C} = {338CD0E1-D74B-4077-AC13-841AA5ABBFE9}
		{F227ECAD-56D3-4E0E-86A0-C560A9C97E3D} = {338CD0E1-D74B-4077-AC13-841AA5ABBFE9}
	EndGlobalSection
	GlobalSection(ExtensibilityGlobals) = postSolution
		SolutionGuid = {5648B699-A089-41FE-9C5F-5D4E5E6DA846}
	EndGlobalSection
EndGlobal
